
Microsoft Visual Studio Solution File, Format Version 12.00
# Visual Studio Version 16
VisualStudioVersion = 16.0.30717.126
MinimumVisualStudioVersion = 10.0.40219.1
Project("{FAE04EC0-301F-11D3-BF4B-00C04F79EFBC}") = "Console_Work_2", "Console_Work_2\Console_Work_2.csproj", "{2A3E07F1-E62F-4B52-A6C7-C148A7368509}"
EndProject
Global
	GlobalSection(SolutionConfigurationPlatforms) = preSolution
		Debug|Any CPU = Debug|Any CPU
		Release|Any CPU = Release|Any CPU
	EndGlobalSection
	GlobalSection(ProjectConfigurationPlatforms) = postSolution
		{2A3E07F1-E62F-4B52-A6C7-C148A7368509}.Debug|Any CPU.ActiveCfg = Debug|Any CPU
		{2A3E07F1-E62F-4B52-A6C7-C148A7368509}.Debug|Any CPU.Build.0 = Debug|Any CPU
		{2A3E07F1-E62F-4B52-A6C7-C148A7368509}.Release|Any CPU.ActiveCfg = Release|Any CPU
		{2A3E07F1-E62F-4B52-A6C7-C148A7368509}.Release|Any CPU.Build.0 = Release|Any CPU
	EndGlobalSection
	GlobalSection(SolutionProperties) = preSolution
		HideSolutionNode = FALSE
	EndGlobalSection
	GlobalSection(ExtensibilityGlobals) = postSolution
		SolutionGuid = {58755E32-0933-4B6F-820D-B46AA894BCD3}
	EndGlobalSection
EndGlobal
